
Microsoft Visual Studio Solution File, Format Version 12.00
# Visual Studio Version 17
VisualStudioVersion = 17.1.32328.378
MinimumVisualStudioVersion = 10.0.40219.1
Project("{FAE04EC0-301F-11D3-BF4B-00C04F79EFBC}") = "aviones", "aviones\aviones.csproj", "{D1DB7BF7-4AA3-4BEB-A5E2-AF623B233A73}"
EndProject
Global
	GlobalSection(SolutionConfigurationPlatforms) = preSolution
		Debug|Any CPU = Debug|Any CPU
		Release|Any CPU = Release|Any CPU
	EndGlobalSection
	GlobalSection(ProjectConfigurationPlatforms) = postSolution
		{D1DB7BF7-4AA3-4BEB-A5E2-AF623B233A73}.Debug|Any CPU.ActiveCfg = Debug|Any CPU
		{D1DB7BF7-4AA3-4BEB-A5E2-AF623B233A73}.Debug|Any CPU.Build.0 = Debug|Any CPU
		{D1DB7BF7-4AA3-4BEB-A5E2-AF623B233A73}.Release|Any CPU.ActiveCfg = Release|Any CPU
		{D1DB7BF7-4AA3-4BEB-A5E2-AF623B233A73}.Release|Any CPU.Build.0 = Release|Any CPU
	EndGlobalSection
	GlobalSection(SolutionProperties) = preSolution
		HideSolutionNode = FALSE
	EndGlobalSection
	GlobalSection(ExtensibilityGlobals) = postSolution
		SolutionGuid = {3733390F-5AE3-428B-B231-8355117E5E72}
	EndGlobalSection
EndGlobal
